version = 1
revision = 3
requires-python = ">=3.13"

[[package]]
name = "pybind-tutorial"
version = "0.1.0"
source = { virtual = "." }
dependencies = [
    { name = "pybind11" },
]

[package.metadata]
requires-dist = [{ name = "pybind11", specifier = ">=3.1.0" }]

[[package]]
name = "pybind11"
version = "3.1.0"
source = { registry = "https://pypi.org/simple" }
sdist = { url = "https://files.pythonhosted.org/packages/76/f3/95b0f40b31df41dbfe6bb0857419c9442c15839cbac4796f1c26ae0b6081/pybind11-3.1.0.tar.gz", hash = "sha256:a1cc06b524ab3edca51f8ad3895f9c4fa20b8b19283173dff4ae781449dc9639", size = 603746, upload-time = "2026-08-06T23:33:00.675Z" }
wheels = [
    { url = "https://files.pythonhosted.org/packages/33/fd/8762f7ee3e4e4be6d1d846cffb4916dd9bb02b2f800d3603718a0efe494c/pybind11-3.1.0-py3-none-any.whl", hash = "sha256:b8488090f8acffbcb6b5d6a85571a6827a0a2981ffb75e5a0b27b87c4a6b7dd0", size = 319402, upload-time = "2026-08-06T23:32:59.047Z" },
]
